
Microsoft Visual Studio Solution File, Format Version 12.00
# Visual Studio Version 16
VisualStudioVersion = 16.0.32002.261
MinimumVisualStudioVersion = 10.0.40219.1
Project("{FAE04EC0-301F-11D3-BF4B-00C04F79EFBC}") = "GitTest1", "GitTest1.csproj", "{5A2C4111-50FC-4942-851A-C9DDBFC46B0F}"
EndProject
Global
	GlobalSection(SolutionConfigurationPlatforms) = preSolution
		Debug|Any CPU = Debug|Any CPU
		Release|Any CPU = Release|Any CPU
	EndGlobalSection
	GlobalSection(ProjectConfigurationPlatforms) = postSolution
		{5A2C4111-50FC-4942-851A-C9DDBFC46B0F}.Debug|Any CPU.ActiveCfg = Debug|Any CPU
		{5A2C4111-50FC-4942-851A-C9DDBFC46B0F}.Debug|Any CPU.Build.0 = Debug|Any CPU
		{5A2C4111-50FC-4942-851A-C9DDBFC46B0F}.Release|Any CPU.ActiveCfg = Release|Any CPU
		{5A2C4111-50FC-4942-851A-C9DDBFC46B0F}.Release|Any CPU.Build.0 = Release|Any CPU
	EndGlobalSection
	GlobalSection(SolutionProperties) = preSolution
		HideSolutionNode = FALSE
	EndGlobalSection
	GlobalSection(ExtensibilityGlobals) = postSolution
		SolutionGuid = {F0984238-F0B8-4840-A985-58B5E7FC36DA}
	EndGlobalSection
EndGlobal
